
Microsoft Visual Studio Solution File, Format Version 12.00
# Visual Studio Version 17
VisualStudioVersion = 17.8.34309.116
MinimumVisualStudioVersion = 10.0.40219.1
Project("{FAE04EC0-301F-11D3-BF4B-00C04F79EFBC}") = "OtusHW5", "OtusHW5\OtusHW5.csproj", "{6C8D6164-9EF9-438D-A1BA-2769633CF6A7}"
EndProject
Project("{FAE04EC0-301F-11D3-BF4B-00C04F79EFBC}") = "OtusHW5.Command", "OtusHW5.CommandsManager\OtusHW5.Command.csproj", "{615D417C-F181-4BF9-96F9-5703C18BF448}"
EndProject
Global
	GlobalSection(SolutionConfigurationPlatforms) = preSolution
		Debug|Any CPU = Debug|Any CPU
		Release|Any CPU = Release|Any CPU
	EndGlobalSection
	GlobalSection(ProjectConfigurationPlatforms) = postSolution
		{6C8D6164-9EF9-438D-A1BA-2769633CF6A7}.Debug|Any CPU.ActiveCfg = Debug|Any CPU
		{6C8D6164-9EF9-438D-A1BA-2769633CF6A7}.Debug|Any CPU.Build.0 = Debug|Any CPU
		{6C8D6164-9EF9-438D-A1BA-2769633CF6A7}.Release|Any CPU.ActiveCfg = Release|Any CPU
		{6C8D6164-9EF9-438D-A1BA-2769633CF6A7}.Release|Any CPU.Build.0 = Release|Any CPU
		{615D417C-F181-4BF9-96F9-5703C18BF448}.Debug|Any CPU.ActiveCfg = Debug|Any CPU
		{615D417C-F181-4BF9-96F9-5703C18BF448}.Debug|Any CPU.Build.0 = Debug|Any CPU
		{615D417C-F181-4BF9-96F9-5703C18BF448}.Release|Any CPU.ActiveCfg = Release|Any CPU
		{615D417C-F181-4BF9-96F9-5703C18BF448}.Release|Any CPU.Build.0 = Release|Any CPU
	EndGlobalSection
	GlobalSection(SolutionProperties) = preSolution
		HideSolutionNode = FALSE
	EndGlobalSection
	GlobalSection(ExtensibilityGlobals) = postSolution
		SolutionGuid = {06BF0149-196D-4ABE-A926-4B490C5812DE}
	EndGlobalSection
EndGlobal
